{
  "name": "tests",
  "lockfileVersion": 2,
  "requires": true,
  "packages": {
    "": {
      "dependencies": {
        "tcpress-rs": "^0.1.5"
      },
      "devDependencies": {
        "@types/node": "^18.11.16"
      }
    },
    "node_modules/@types/node": {
      "version": "18.11.18",
      "resolved": "https://registry.npmjs.org/@types/node/-/node-18.11.18.tgz",
      "integrity": "sha512-DHQpWGjyQKSHj3ebjFI/wRKcqQcdR+MoFBygntYOZytCqNfkd2ZC4ARDJ2DQqhjH5p85Nnd3jhUJIXrszFX/JA==",
      "dev": true
    },
    "node_modules/tcpress-rs": {
      "version": "0.1.5",
      "resolved": "https://registry.npmjs.org/tcpress-rs/-/tcpress-rs-0.1.5.tgz",
      "integrity": "sha512-eU4uB5mwdI7RATIvFn65Tyk7t1XbSbN2wQBYRBAnEmwODibliVXrLFHb9HRqIlknVonOcqY9WsvJFLvueyDVUw=="
    }
  },
  "dependencies": {
    "@types/node": {
      "version": "18.11.18",
      "resolved": "https://registry.npmjs.org/@types/node/-/node-18.11.18.tgz",
      "integrity": "sha512-DHQpWGjyQKSHj3ebjFI/wRKcqQcdR+MoFBygntYOZytCqNfkd2ZC4ARDJ2DQqhjH5p85Nnd3jhUJIXrszFX/JA==",
      "dev": true
    },
    "tcpress-rs": {
      "version": "0.1.5",
      "resolved": "https://registry.npmjs.org/tcpress-rs/-/tcpress-rs-0.1.5.tgz",
      "integrity": "sha512-eU4uB5mwdI7RATIvFn65Tyk7t1XbSbN2wQBYRBAnEmwODibliVXrLFHb9HRqIlknVonOcqY9WsvJFLvueyDVUw=="
    }
  }
}
